{
<<<<<<< HEAD
  "name": "provai",
  "version": "1.0.0",
  "lockfileVersion": 3,
  "requires": true,
  "packages": {
    "": {
      "name": "provai",
      "version": "1.0.0",
      "license": "ISC"
    }
  }
=======
  "name": "Prova",
  "lockfileVersion": 3,
  "requires": true,
  "packages": {}
>>>>>>> fc0078e8d447f93206c7c1b65757261c8df14fbe
}
